// !$*UTF8*$!
{
	archiveVersion = 1;
	classes = {
	};
	objectVersion = 46;
	objects = {

/* Begin PBXBuildFile section */
		E1797CCD1BD7C3E4007D8774 /* main.m in Sources */ = {isa = PBXBuildFile; fileRef = E1797CCC1BD7C3E4007D8774 /* main.m */; };
		E1797CD01BD7C3E4007D8774 /* AppDelegate.m in Sources */ = {isa = PBXBuildFile; fileRef = E1797CCF1BD7C3E4007D8774 /* AppDelegate.m */; };
		E1797CD31BD7C3E4007D8774 /* ViewController.m in Sources */ = {isa = PBXBuildFile; fileRef = E1797CD21BD7C3E4007D8774 /* ViewController.m */; };
		E1797CD81BD7C3E4007D8774 /* Images.xcassets in Resources */ = {isa = PBXBuildFile; fileRef = E1797CD71BD7C3E4007D8774 /* Images.xcassets */; };
		E1797CDB1BD7C3E4007D8774 /* LaunchScreen.xib in Resources */ = {isa = PBXBuildFile; fileRef = E1797CD91BD7C3E4007D8774 /* LaunchScreen.xib */; };
		E1797CE71BD7C3E4007D8774 /* BlocBrowserTests.m in Sources */ = {isa = PBXBuildFile; fileRef = E1797CE61BD7C3E4007D8774 /* BlocBrowserTests.m */; };
/* End PBXBuildFile section */

/* Begin PBXContainerItemProxy section */
		E1797CE11BD7C3E4007D8774 /* PBXContainerItemProxy */ = {
			isa = PBXContainerItemProxy;
			containerPortal = E1797CBF1BD7C3E4007D8774 /* Project object */;
			proxyType = 1;
			remoteGlobalIDString = E1797CC61BD7C3E4007D8774;
			remoteInfo = BlocBrowser;
		};
/* End PBXContainerItemProxy section */

/* Begin PBXFileReference section */
		E1797CC71BD7C3E4007D8774 /* BlocBrowser.app */ = {isa = PBXFileReference; explicitFileType = wrapper.application; includeInIndex = 0; path = BlocBrowser.app; sourceTree = BUILT_PRODUCTS_DIR; };
		E1797CCB1BD7C3E4007D8774 /* Info.plist */ = {isa = PBXFileReference; lastKnownFileType = text.plist.xml; path = Info.plist; sourceTree = "<group>"; };
		E1797CCC1BD7C3E4007D8774 /* main.m */ = {isa = PBXFileReference; lastKnownFileType = sourcecode.c.objc; path = main.m; sourceTree = "<group>"; };
		E1797CCE1BD7C3E4007D8774 /* AppDelegate.h */ = {isa = PBXFileReference; lastKnownFileType = sourcecode.c.h; path = AppDelegate.h; sourceTree = "<group>"; };
		E1797CCF1BD7C3E4007D8774 /* AppDelegate.m */ = {isa = PBXFileReference; lastKnownFileType = sourcecode.c.objc; path = AppDelegate.m; sourceTree = "<group>"; };
		E1797CD11BD7C3E4007D8774 /* ViewController.h */ = {isa = PBXFileReference; lastKnownFileType = sourcecode.c.h; path = ViewController.h; sourceTree = "<group>"; };
		E1797CD21BD7C3E4007D8774 /* ViewController.m */ = {isa = PBXFileReference; lastKnownFileType = sourcecode.c.objc; path = ViewController.m; sourceTree = "<group>"; };
		E1797CD71BD7C3E4007D8774 /* Images.xcassets */ = {isa = PBXFileReference; lastKnownFileType = folder.assetcatalog; path = Images.xcassets; sourceTree = "<group>"; };
		E1797CDA1BD7C3E4007D8774 /* Base */ = {isa = PBXFileReference; lastKnownFileType = file.xib; name = Base; path = Base.lproj/LaunchScreen.xib; sourceTree = "<group>"; };
		E1797CE01BD7C3E4007D8774 /* BlocBrowserTests.xctest */ = {isa = PBXFileReference; explicitFileType = wrapper.cfbundle; includeInIndex = 0; path = BlocBrowserTests.xctest; sourceTree = BUILT_PRODUCTS_DIR; };
		E1797CE51BD7C3E4007D8774 /* Info.plist */ = {isa = PBXFileReference; lastKnownFileType = text.plist.xml; path = Info.plist; sourceTree = "<group>"; };
		E1797CE61BD7C3E4007D8774 /* BlocBrowserTests.m */ = {isa = PBXFileReference; lastKnownFileType = sourcecode.c.objc; path = BlocBrowserTests.m; sourceTree = "<group>"; };
/* End PBXFileReference section */

/* Begin PBXFrameworksBuildPhase section */
		E1797CC41BD7C3E4007D8774 /* Frameworks */ = {
			isa = PBXFrameworksBuildPhase;
			buildActionMask = 2147483647;
			files = (
			);
			runOnlyForDeploymentPostprocessing = 0;
		};
		E1797CDD1BD7C3E4007D8774 /* Frameworks */ = {
			isa = PBXFrameworksBuildPhase;
			buildActionMask = 2147483647;
			files = (
			);
			runOnlyForDeploymentPostprocessing = 0;
		};
/* End PBXFrameworksBuildPhase section */

/* Begin PBXGroup section */
		E1797CBE1BD7C3E4007D8774 = {
			isa = PBXGroup;
			children = (
				E1797CC91BD7C3E4007D8774 /* BlocBrowser */,
				E1797CE31BD7C3E4007D8774 /* BlocBrowserTests */,
				E1797CC81BD7C3E4007D8774 /* Products */,
			);
			sourceTree = "<group>";
		};
		E1797CC81BD7C3E4007D8774 /* Products */ = {
			isa = PBXGroup;
			children = (
				E1797CC71BD7C3E4007D8774 /* BlocBrowser.app */,
				E1797CE01BD7C3E4007D8774 /* BlocBrowserTests.xctest */,
			);
			name = Products;
			sourceTree = "<group>";
		};
		E1797CC91BD7C3E4007D8774 /* BlocBrowser */ = {
			isa = PBXGroup;
			children = (
				E1797CCE1BD7C3E4007D8774 /* AppDelegate.h */,
				E1797CCF1BD7C3E4007D8774 /* AppDelegate.m */,
				E1797CD11BD7C3E4007D8774 /* ViewController.h */,
				E1797CD21BD7C3E4007D8774 /* ViewController.m */,
				E1797CD71BD7C3E4007D8774 /* Images.xcassets */,
				E1797CD91BD7C3E4007D8774 /* LaunchScreen.xib */,
				E1797CCA1BD7C3E4007D8774 /* Supporting Files */,
			);
			path = BlocBrowser;
			sourceTree = "<group>";
		};
		E1797CCA1BD7C3E4007D8774 /* Supporting Files */ = {
			isa = PBXGroup;
			children = (
				E1797CCB1BD7C3E4007D8774 /* Info.plist */,
				E1797CCC1BD7C3E4007D8774 /* main.m */,
			);
			name = "Supporting Files";
			sourceTree = "<group>";
		};
		E1797CE31BD7C3E4007D8774 /* BlocBrowserTests */ = {
			isa = PBXGroup;
			children = (
				E1797CE61BD7C3E4007D8774 /* BlocBrowserTests.m */,
				E1797CE41BD7C3E4007D8774 /* Supporting Files */,
			);
			path = BlocBrowserTests;
			sourceTree = "<group>";
		};
		E1797CE41BD7C3E4007D8774 /* Supporting Files */ = {
			isa = PBXGroup;
			children = (
				E1797CE51BD7C3E4007D8774 /* Info.plist */,
			);
			name = "Supporting Files";
			sourceTree = "<group>";
		};
/* End PBXGroup section */

/* Begin PBXNativeTarget section */
		E1797CC61BD7C3E4007D8774 /* BlocBrowser */ = {
			isa = PBXNativeTarget;
			buildConfigurationList = E1797CEA1BD7C3E4007D8774 /* Build configuration list for PBXNativeTarget "BlocBrowser" */;
			buildPhases = (
				E1797CC31BD7C3E4007D8774 /* Sources */,
				E1797CC41BD7C3E4007D8774 /* Frameworks */,
				E1797CC51BD7C3E4007D8774 /* Resources */,
			);
			buildRules = (
			);
			dependencies = (
			);
			name = BlocBrowser;
			productName = BlocBrowser;
			productReference = E1797CC71BD7C3E4007D8774 /* BlocBrowser.app */;
			productType = "com.apple.product-type.application";
		};
		E1797CDF1BD7C3E4007D8774 /* BlocBrowserTests */ = {
			isa = PBXNativeTarget;
			buildConfigurationList = E1797CED1BD7C3E4007D8774 /* Build configuration list for PBXNativeTarget "BlocBrowserTests" */;
			buildPhases = (
				E1797CDC1BD7C3E4007D8774 /* Sources */,
				E1797CDD1BD7C3E4007D8774 /* Frameworks */,
				E1797CDE1BD7C3E4007D8774 /* Resources */,
			);
			buildRules = (
			);
			dependencies = (
				E1797CE21BD7C3E4007D8774 /* PBXTargetDependency */,
			);
			name = BlocBrowserTests;
			productName = BlocBrowserTests;
			productReference = E1797CE01BD7C3E4007D8774 /* BlocBrowserTests.xctest */;
			productType = "com.apple.product-type.bundle.unit-test";
		};
/* End PBXNativeTarget section */

/* Begin PBXProject section */
		E1797CBF1BD7C3E4007D8774 /* Project object */ = {
			isa = PBXProject;
			attributes = {
				LastUpgradeCheck = 0640;
				ORGANIZATIONNAME = "matthew weintrub";
				TargetAttributes = {
					E1797CC61BD7C3E4007D8774 = {
						CreatedOnToolsVersion = 6.4;
					};
					E1797CDF1BD7C3E4007D8774 = {
						CreatedOnToolsVersion = 6.4;
						TestTargetID = E1797CC61BD7C3E4007D8774;
					};
				};
			};
			buildConfigurationList = E1797CC21BD7C3E4007D8774 /* Build configuration list for PBXProject "BlocBrowser" */;
			compatibilityVersion = "Xcode 3.2";
			developmentRegion = English;
			hasScannedForEncodings = 0;
			knownRegions = (
				en,
				Base,
			);
			mainGroup = E1797CBE1BD7C3E4007D8774;
			productRefGroup = E1797CC81BD7C3E4007D8774 /* Products */;
			projectDirPath = "";
			projectRoot = "";
			targets = (
				E1797CC61BD7C3E4007D8774 /* BlocBrowser */,
				E1797CDF1BD7C3E4007D8774 /* BlocBrowserTests */,
			);
		};
/* End PBXProject section */

/* Begin PBXResourcesBuildPhase section */
		E1797CC51BD7C3E4007D8774 /* Resources */ = {
			isa = PBXResourcesBuildPhase;
			buildActionMask = 2147483647;
			files = (
				E1797CDB1BD7C3E4007D8774 /* LaunchScreen.xib in Resources */,
				E1797CD81BD7C3E4007D8774 /* Images.xcassets in Resources */,
			);
			runOnlyForDeploymentPostprocessing = 0;
		};
		E1797CDE1BD7C3E4007D8774 /* Resources */ = {
			isa = PBXResourcesBuildPhase;
			buildActionMask = 2147483647;
			files = (
			);
			runOnlyForDeploymentPostprocessing = 0;
		};
/* End PBXResourcesBuildPhase section */

/* Begin PBXSourcesBuildPhase section */
		E1797CC31BD7C3E4007D8774 /* Sources */ = {
			isa = PBXSourcesBuildPhase;
			buildActionMask = 2147483647;
			files = (
				E1797CD31BD7C3E4007D8774 /* ViewController.m in Sources */,
				E1797CD01BD7C3E4007D8774 /* AppDelegate.m in Sources */,
				E1797CCD1BD7C3E4007D8774 /* main.m in Sources */,
			);
			runOnlyForDeploymentPostprocessing = 0;
		};
		E1797CDC1BD7C3E4007D8774 /* Sources */ = {
			isa = PBXSourcesBuildPhase;
			buildActionMask = 2147483647;
			files = (
				E1797CE71BD7C3E4007D8774 /* BlocBrowserTests.m in Sources */,
			);
			runOnlyForDeploymentPostprocessing = 0;
		};
/* End PBXSourcesBuildPhase section */

/* Begin PBXTargetDependency section */
		E1797CE21BD7C3E4007D8774 /* PBXTargetDependency */ = {
			isa = PBXTargetDependency;
			target = E1797CC61BD7C3E4007D8774 /* BlocBrowser */;
			targetProxy = E1797CE11BD7C3E4007D8774 /* PBXContainerItemProxy */;
		};
/* End PBXTargetDependency section */

/* Begin PBXVariantGroup section */
		E1797CD91BD7C3E4007D8774 /* LaunchScreen.xib */ = {
			isa = PBXVariantGroup;
			children = (
				E1797CDA1BD7C3E4007D8774 /* Base */,
			);
			name = LaunchScreen.xib;
			sourceTree = "<group>";
		};
/* End PBXVariantGroup section */

/* Begin XCBuildConfiguration section */
		E1797CE81BD7C3E4007D8774 /* Debug */ = {
			isa = XCBuildConfiguration;
			buildSettings = {
				ALWAYS_SEARCH_USER_PATHS = NO;
				CLANG_CXX_LANGUAGE_STANDARD = "gnu++0x";
				CLANG_CXX_LIBRARY = "libc++";
				CLANG_ENABLE_MODULES = YES;
				CLANG_ENABLE_OBJC_ARC = YES;
				CLANG_WARN_BOOL_CONVERSION = YES;
				CLANG_WARN_CONSTANT_CONVERSION = YES;
				CLANG_WARN_DIRECT_OBJC_ISA_USAGE = YES_ERROR;
				CLANG_WARN_EMPTY_BODY = YES;
				CLANG_WARN_ENUM_CONVERSION = YES;
				CLANG_WARN_INT_CONVERSION = YES;
				CLANG_WARN_OBJC_ROOT_CLASS = YES_ERROR;
				CLANG_WARN_UNREACHABLE_CODE = YES;
				CLANG_WARN__DUPLICATE_METHOD_MATCH = YES;
				"CODE_SIGN_IDENTITY[sdk=iphoneos*]" = "iPhone Developer";
				COPY_PHASE_STRIP = NO;
				DEBUG_INFORMATION_FORMAT = "dwarf-with-dsym";
				ENABLE_STRICT_OBJC_MSGSEND = YES;
				GCC_C_LANGUAGE_STANDARD = gnu99;
				GCC_DYNAMIC_NO_PIC = NO;
				GCC_NO_COMMON_BLOCKS = YES;
				GCC_OPTIMIZATION_LEVEL = 0;
				GCC_PREPROCESSOR_DEFINITIONS = (
					"DEBUG=1",
					"$(inherited)",
				);
				GCC_SYMBOLS_PRIVATE_EXTERN = NO;
				GCC_WARN_64_TO_32_BIT_CONVERSION = YES;
				GCC_WARN_ABOUT_RETURN_TYPE = YES_ERROR;
				GCC_WARN_UNDECLARED_SELECTOR = YES;
				GCC_WARN_UNINITIALIZED_AUTOS = YES_AGGRESSIVE;
				GCC_WARN_UNUSED_FUNCTION = YES;
				GCC_WARN_UNUSED_VARIABLE = YES;
				IPHONEOS_DEPLOYMENT_TARGET = 8.4;
				MTL_ENABLE_DEBUG_INFO = YES;
				ONLY_ACTIVE_ARCH = YES;
				SDKROOT = iphoneos;
				TARGETED_DEVICE_FAMILY = "1,2";
			};
			name = Debug;
		};
		E1797CE91BD7C3E4007D8774 /* Release */ = {
			isa = XCBuildConfiguration;
			buildSettings = {
				ALWAYS_SEARCH_USER_PATHS = NO;
				CLANG_CXX_LANGUAGE_STANDARD = "gnu++0x";
				CLANG_CXX_LIBRARY = "libc++";
				CLANG_ENABLE_MODULES = YES;
				CLANG_ENABLE_OBJC_ARC = YES;
				CLANG_WARN_BOOL_CONVERSION = YES;
				CLANG_WARN_CONSTANT_CONVERSION = YES;
				CLANG_WARN_DIRECT_OBJC_ISA_USAGE = YES_ERROR;
				CLANG_WARN_EMPTY_BODY = YES;
				CLANG_WARN_ENUM_CONVERSION = YES;
				CLANG_WARN_INT_CONVERSION = YES;
				CLANG_WARN_OBJC_ROOT_CLASS = YES_ERROR;
				CLANG_WARN_UNREACHABLE_CODE = YES;
				CLANG_WARN__DUPLICATE_METHOD_MATCH = YES;
				"CODE_SIGN_IDENTITY[sdk=iphoneos*]" = "iPhone Developer";
				COPY_PHASE_STRIP = NO;
				DEBUG_INFORMATION_FORMAT = "dwarf-with-dsym";
				ENABLE_NS_ASSERTIONS = NO;
				ENABLE_STRICT_OBJC_MSGSEND = YES;
				GCC_C_LANGUAGE_STANDARD = gnu99;
				GCC_NO_COMMON_BLOCKS = YES;
				GCC_WARN_64_TO_32_BIT_CONVERSION = YES;
				GCC_WARN_ABOUT_RETURN_TYPE = YES_ERROR;
				GCC_WARN_UNDECLARED_SELECTOR = YES;
				GCC_WARN_UNINITIALIZED_AUTOS = YES_AGGRESSIVE;
				GCC_WARN_UNUSED_FUNCTION = YES;
				GCC_WARN_UNUSED_VARIABLE = YES;
				IPHONEOS_DEPLOYMENT_TARGET = 8.4;
				MTL_ENABLE_DEBUG_INFO = NO;
				SDKROOT = iphoneos;
				TARGETED_DEVICE_FAMILY = "1,2";
				VALIDATE_PRODUCT = YES;
			};
			name = Release;
		};
		E1797CEB1BD7C3E4007D8774 /* Debug */ = {
			isa = XCBuildConfiguration;
			buildSettings = {
				ASSETCATALOG_COMPILER_APPICON_NAME = AppIcon;
				INFOPLIST_FILE = BlocBrowser/Info.plist;
				LD_RUNPATH_SEARCH_PATHS = "$(inherited) @executable_path/Frameworks";
				PRODUCT_NAME = "$(TARGET_NAME)";
			};
			name = Debug;
		};
		E1797CEC1BD7C3E4007D8774 /* Release */ = {
			isa = XCBuildConfiguration;
			buildSettings = {
				ASSETCATALOG_COMPILER_APPICON_NAME = AppIcon;
				INFOPLIST_FILE = BlocBrowser/Info.plist;
				LD_RUNPATH_SEARCH_PATHS = "$(inherited) @executable_path/Frameworks";
				PRODUCT_NAME = "$(TARGET_NAME)";
			};
			name = Release;
		};
		E1797CEE1BD7C3E4007D8774 /* Debug */ = {
			isa = XCBuildConfiguration;
			buildSettings = {
				BUNDLE_LOADER = "$(TEST_HOST)";
				FRAMEWORK_SEARCH_PATHS = (
					"$(SDKROOT)/Developer/Library/Frameworks",
					"$(inherited)",
				);
				GCC_PREPROCESSOR_DEFINITIONS = (
					"DEBUG=1",
					"$(inherited)",
				);
				INFOPLIST_FILE = BlocBrowserTests/Info.plist;
				LD_RUNPATH_SEARCH_PATHS = "$(inherited) @executable_path/Frameworks @loader_path/Frameworks";
				PRODUCT_NAME = "$(TARGET_NAME)";
				TEST_HOST = "$(BUILT_PRODUCTS_DIR)/BlocBrowser.app/BlocBrowser";
			};
			name = Debug;
		};
		E1797CEF1BD7C3E4007D8774 /* Release */ = {
			isa = XCBuildConfiguration;
			buildSettings = {
				BUNDLE_LOADER = "$(TEST_HOST)";
				FRAMEWORK_SEARCH_PATHS = (
					"$(SDKROOT)/Developer/Library/Frameworks",
					"$(inherited)",
				);
				INFOPLIST_FILE = BlocBrowserTests/Info.plist;
				LD_RUNPATH_SEARCH_PATHS = "$(inherited) @executable_path/Frameworks @loader_path/Frameworks";
				PRODUCT_NAME = "$(TARGET_NAME)";
				TEST_HOST = "$(BUILT_PRODUCTS_DIR)/BlocBrowser.app/BlocBrowser";
			};
			name = Release;
		};
/* End XCBuildConfiguration section */

/* Begin XCConfigurationList section */
		E1797CC21BD7C3E4007D8774 /* Build configuration list for PBXProject "BlocBrowser" */ = {
			isa = XCConfigurationList;
			buildConfigurations = (
				E1797CE81BD7C3E4007D8774 /* Debug */,
				E1797CE91BD7C3E4007D8774 /* Release */,
			);
			defaultConfigurationIsVisible = 0;
			defaultConfigurationName = Release;
		};
		E1797CEA1BD7C3E4007D8774 /* Build configuration list for PBXNativeTarget "BlocBrowser" */ = {
			isa = XCConfigurationList;
			buildConfigurations = (
				E1797CEB1BD7C3E4007D8774 /* Debug */,
				E1797CEC1BD7C3E4007D8774 /* Release */,
			);
			defaultConfigurationIsVisible = 0;
		};
		E1797CED1BD7C3E4007D8774 /* Build configuration list for PBXNativeTarget "BlocBrowserTests" */ = {
			isa = XCConfigurationList;
			buildConfigurations = (
				E1797CEE1BD7C3E4007D8774 /* Debug */,
				E1797CEF1BD7C3E4007D8774 /* Release */,
			);
			defaultConfigurationIsVisible = 0;
		};
/* End XCConfigurationList section */
	};
	rootObject = E1797CBF1BD7C3E4007D8774 /* Project object */;
}
